{
  "name": "serfbound-workspace",
  "version": "0.0.0",
  "lockfileVersion": 3,
  "requires": true,
  "packages": {
    "": {
      "name": "serfbound-workspace",
      "version": "0.0.0",
      "workspaces": [
        "packages/*"
      ],
      "devDependencies": {
        "typescript": "^5.9.3"
      },
      "engines": {
        "node": ">=22 <23",
        "npm": ">=11 <12"
      }
    },
    "node_modules/@serfbound/app": {
      "resolved": "packages/app",
      "link": true
    },
    "node_modules/@serfbound/assets": {
      "resolved": "packages/assets",
      "link": true
    },
    "node_modules/@serfbound/engine": {
      "resolved": "packages/engine",
      "link": true
    },
    "node_modules/@serfbound/test-support": {
      "resolved": "packages/test-support",
      "link": true
    },
    "node_modules/typescript": {
      "version": "5.9.3",
      "resolved": "https://registry.npmjs.org/typescript/-/typescript-5.9.3.tgz",
      "integrity": "sha512-jl1vZzPDinLr9eUt3J/t7V6FgNEw9QjvBPdysz9KfQDD41fQrC2Y4vKQdiaUpFT4bXlb1RHhLpp8wtm6M5TgSw==",
      "dev": true,
      "license": "Apache-2.0",
      "bin": {
        "tsc": "bin/tsc",
        "tsserver": "bin/tsserver"
      },
      "engines": {
        "node": ">=14.17"
      }
    },
    "packages/app": {
      "name": "@serfbound/app",
      "version": "0.0.0",
      "dependencies": {
        "@serfbound/assets": "0.0.0",
        "@serfbound/engine": "0.0.0",
        "@serfbound/test-support": "0.0.0"
      }
    },
    "packages/assets": {
      "name": "@serfbound/assets",
      "version": "0.0.0"
    },
    "packages/engine": {
      "name": "@serfbound/engine",
      "version": "0.0.0"
    },
    "packages/test-support": {
      "name": "@serfbound/test-support",
      "version": "0.0.0"
    }
  }
}
